
Microsoft Visual Studio Solution File, Format Version 12.00
# Visual Studio Version 17
VisualStudioVersion = 17.5.33627.172
MinimumVisualStudioVersion = 10.0.40219.1
Project("{9A19103F-16F7-4668-BE54-9A1E7A4F7556}") = "AzureBlobStorage_DeadLettterEnh", "AzureBlobStorage_DeadLettterEnh\AzureBlobStorage_DeadLettterEnh.csproj", "{4CDFE8FB-C656-4084-8F2A-9641B0199547}"
EndProject
Project("{FAE04EC0-301F-11D3-BF4B-00C04F79EFBC}") = "AzureFunctionApp_DeadLetter", "AzureFunctionApp_DeadLetter\AzureFunctionApp_DeadLetter.csproj", "{1CADCDFF-E3D0-4B5F-94CC-6FE9CB8E7CBF}"
EndProject
Project("{2150E333-8FDC-42A3-9474-1A3956D46DE8}") = "AzureBlobApp", "AzureBlobApp", "{63766869-8C59-44B6-B6D1-01342C0497DC}"
EndProject
Project("{2150E333-8FDC-42A3-9474-1A3956D46DE8}") = "AzureFunctionApp", "AzureFunctionApp", "{EE1C485B-E061-4725-AE01-FBBDAE83678D}"
EndProject
Global
	GlobalSection(SolutionConfigurationPlatforms) = preSolution
		Debug|Any CPU = Debug|Any CPU
		Release|Any CPU = Release|Any CPU
	EndGlobalSection
	GlobalSection(ProjectConfigurationPlatforms) = postSolution
		{4CDFE8FB-C656-4084-8F2A-9641B0199547}.Debug|Any CPU.ActiveCfg = Debug|Any CPU
		{4CDFE8FB-C656-4084-8F2A-9641B0199547}.Debug|Any CPU.Build.0 = Debug|Any CPU
		{4CDFE8FB-C656-4084-8F2A-9641B0199547}.Release|Any CPU.ActiveCfg = Release|Any CPU
		{4CDFE8FB-C656-4084-8F2A-9641B0199547}.Release|Any CPU.Build.0 = Release|Any CPU
		{1CADCDFF-E3D0-4B5F-94CC-6FE9CB8E7CBF}.Debug|Any CPU.ActiveCfg = Debug|Any CPU
		{1CADCDFF-E3D0-4B5F-94CC-6FE9CB8E7CBF}.Debug|Any CPU.Build.0 = Debug|Any CPU
		{1CADCDFF-E3D0-4B5F-94CC-6FE9CB8E7CBF}.Release|Any CPU.ActiveCfg = Release|Any CPU
		{1CADCDFF-E3D0-4B5F-94CC-6FE9CB8E7CBF}.Release|Any CPU.Build.0 = Release|Any CPU
	EndGlobalSection
	GlobalSection(SolutionProperties) = preSolution
		HideSolutionNode = FALSE
	EndGlobalSection
	GlobalSection(NestedProjects) = preSolution
		{4CDFE8FB-C656-4084-8F2A-9641B0199547} = {63766869-8C59-44B6-B6D1-01342C0497DC}
		{1CADCDFF-E3D0-4B5F-94CC-6FE9CB8E7CBF} = {EE1C485B-E061-4725-AE01-FBBDAE83678D}
	EndGlobalSection
	GlobalSection(ExtensibilityGlobals) = postSolution
		SolutionGuid = {EABC9CCA-3F6A-4F64-8953-7FA97081771D}
	EndGlobalSection
EndGlobal
